
Microsoft Visual Studio Solution File, Format Version 12.00
# Visual Studio Version 17
VisualStudioVersion = 17.11.35327.3
MinimumVisualStudioVersion = 10.0.40219.1
Project("{9A19103F-16F7-4668-BE54-9A1E7A4F7556}") = "GICCinemasBookingSystem", "GICCinemasBookingSystem\GICCinemasBookingSystem.csproj", "{5B15FE1E-C31F-45F1-B51C-AF4B93B17D64}"
EndProject
Project("{FAE04EC0-301F-11D3-BF4B-00C04F79EFBC}") = "GICCinemaBookingSystemTest", "GICCinemaBookingSystemTest1\GICCinemaBookingSystemTest.csproj", "{17BF74DB-FB91-4AF0-A743-27DA5007E677}"
EndProject
Global
	GlobalSection(SolutionConfigurationPlatforms) = preSolution
		Debug|Any CPU = Debug|Any CPU
		Release|Any CPU = Release|Any CPU
	EndGlobalSection
	GlobalSection(ProjectConfigurationPlatforms) = postSolution
		{5B15FE1E-C31F-45F1-B51C-AF4B93B17D64}.Debug|Any CPU.ActiveCfg = Debug|Any CPU
		{5B15FE1E-C31F-45F1-B51C-AF4B93B17D64}.Debug|Any CPU.Build.0 = Debug|Any CPU
		{5B15FE1E-C31F-45F1-B51C-AF4B93B17D64}.Release|Any CPU.ActiveCfg = Release|Any CPU
		{5B15FE1E-C31F-45F1-B51C-AF4B93B17D64}.Release|Any CPU.Build.0 = Release|Any CPU
		{17BF74DB-FB91-4AF0-A743-27DA5007E677}.Debug|Any CPU.ActiveCfg = Debug|Any CPU
		{17BF74DB-FB91-4AF0-A743-27DA5007E677}.Debug|Any CPU.Build.0 = Debug|Any CPU
		{17BF74DB-FB91-4AF0-A743-27DA5007E677}.Release|Any CPU.ActiveCfg = Release|Any CPU
		{17BF74DB-FB91-4AF0-A743-27DA5007E677}.Release|Any CPU.Build.0 = Release|Any CPU
	EndGlobalSection
	GlobalSection(SolutionProperties) = preSolution
		HideSolutionNode = FALSE
	EndGlobalSection
	GlobalSection(ExtensibilityGlobals) = postSolution
		SolutionGuid = {3912D0DF-EEB9-4691-9B78-7DB5EA6A09B1}
	EndGlobalSection
EndGlobal
